
Microsoft Visual Studio Solution File, Format Version 12.00
# Visual Studio Version 16
VisualStudioVersion = 16.0.31105.61
MinimumVisualStudioVersion = 10.0.40219.1
Project("{2150E333-8FDC-42A3-9474-1A3956D46DE8}") = "01-Application", "01-Application", "{C6C3BBE4-3BC8-4922-9231-FDC4922D1901}"
EndProject
Project("{2150E333-8FDC-42A3-9474-1A3956D46DE8}") = "02-Domain", "02-Domain", "{68349657-FB86-4AE4-94E6-6B9D60F54332}"
EndProject
Project("{2150E333-8FDC-42A3-9474-1A3956D46DE8}") = "03-Infrastructure", "03-Infrastructure", "{A2201B88-90B9-4990-9391-1A28ABF1284E}"
EndProject
Project("{2150E333-8FDC-42A3-9474-1A3956D46DE8}") = "04-Service", "04-Service", "{8A78DCC8-8D2A-415F-8767-52421FEF7055}"
EndProject
Project("{2150E333-8FDC-42A3-9474-1A3956D46DE8}") = "3.1-Data", "3.1-Data", "{89CCFBAE-9275-4206-AA37-83D5947F66FF}"
EndProject
Project("{2150E333-8FDC-42A3-9474-1A3956D46DE8}") = "3.2-CrossCutting", "3.2-CrossCutting", "{702978BD-FC8F-454E-A02D-4841EACE5DAF}"
EndProject
Project("{FAE04EC0-301F-11D3-BF4B-00C04F79EFBC}") = "Application", "Application\Application.csproj", "{FF3AB77E-5A63-4664-86D9-2BE3AD656EFE}"
EndProject
Project("{FAE04EC0-301F-11D3-BF4B-00C04F79EFBC}") = "DomainLib", "DomainLib\DomainLib.csproj", "{D672F173-84DC-4094-AD19-66DF17C29C27}"
EndProject
Project("{FAE04EC0-301F-11D3-BF4B-00C04F79EFBC}") = "DataLib", "DataLib\DataLib.csproj", "{11F326EB-61FD-402D-8DBA-7AF82FB65E1C}"
EndProject
Project("{FAE04EC0-301F-11D3-BF4B-00C04F79EFBC}") = "CrossCuttingLib", "CrossCuttingLib\CrossCuttingLib.csproj", "{0996B4FB-01C8-40FA-9B9E-1D6D029748AF}"
EndProject
Project("{FAE04EC0-301F-11D3-BF4B-00C04F79EFBC}") = "ServiceLib", "ServiceLib\ServiceLib.csproj", "{6EBB0EA9-666B-4777-86EF-E935323548F7}"
EndProject
Global
	GlobalSection(SolutionConfigurationPlatforms) = preSolution
		Debug|Any CPU = Debug|Any CPU
		Release|Any CPU = Release|Any CPU
	EndGlobalSection
	GlobalSection(ProjectConfigurationPlatforms) = postSolution
		{FF3AB77E-5A63-4664-86D9-2BE3AD656EFE}.Debug|Any CPU.ActiveCfg = Debug|Any CPU
		{FF3AB77E-5A63-4664-86D9-2BE3AD656EFE}.Debug|Any CPU.Build.0 = Debug|Any CPU
		{FF3AB77E-5A63-4664-86D9-2BE3AD656EFE}.Release|Any CPU.ActiveCfg = Release|Any CPU
		{FF3AB77E-5A63-4664-86D9-2BE3AD656EFE}.Release|Any CPU.Build.0 = Release|Any CPU
		{D672F173-84DC-4094-AD19-66DF17C29C27}.Debug|Any CPU.ActiveCfg = Debug|Any CPU
		{D672F173-84DC-4094-AD19-66DF17C29C27}.Debug|Any CPU.Build.0 = Debug|Any CPU
		{D672F173-84DC-4094-AD19-66DF17C29C27}.Release|Any CPU.ActiveCfg = Release|Any CPU
		{D672F173-84DC-4094-AD19-66DF17C29C27}.Release|Any CPU.Build.0 = Release|Any CPU
		{11F326EB-61FD-402D-8DBA-7AF82FB65E1C}.Debug|Any CPU.ActiveCfg = Debug|Any CPU
		{11F326EB-61FD-402D-8DBA-7AF82FB65E1C}.Debug|Any CPU.Build.0 = Debug|Any CPU
		{11F326EB-61FD-402D-8DBA-7AF82FB65E1C}.Release|Any CPU.ActiveCfg = Release|Any CPU
		{11F326EB-61FD-402D-8DBA-7AF82FB65E1C}.Release|Any CPU.Build.0 = Release|Any CPU
		{0996B4FB-01C8-40FA-9B9E-1D6D029748AF}.Debug|Any CPU.ActiveCfg = Debug|Any CPU
		{0996B4FB-01C8-40FA-9B9E-1D6D029748AF}.Debug|Any CPU.Build.0 = Debug|Any CPU
		{0996B4FB-01C8-40FA-9B9E-1D6D029748AF}.Release|Any CPU.ActiveCfg = Release|Any CPU
		{0996B4FB-01C8-40FA-9B9E-1D6D029748AF}.Release|Any CPU.Build.0 = Release|Any CPU
		{6EBB0EA9-666B-4777-86EF-E935323548F7}.Debug|Any CPU.ActiveCfg = Debug|Any CPU
		{6EBB0EA9-666B-4777-86EF-E935323548F7}.Debug|Any CPU.Build.0 = Debug|Any CPU
		{6EBB0EA9-666B-4777-86EF-E935323548F7}.Release|Any CPU.ActiveCfg = Release|Any CPU
		{6EBB0EA9-666B-4777-86EF-E935323548F7}.Release|Any CPU.Build.0 = Release|Any CPU
	EndGlobalSection
	GlobalSection(SolutionProperties) = preSolution
		HideSolutionNode = FALSE
	EndGlobalSection
	GlobalSection(NestedProjects) = preSolution
		{89CCFBAE-9275-4206-AA37-83D5947F66FF} = {A2201B88-90B9-4990-9391-1A28ABF1284E}
		{702978BD-FC8F-454E-A02D-4841EACE5DAF} = {A2201B88-90B9-4990-9391-1A28ABF1284E}
		{FF3AB77E-5A63-4664-86D9-2BE3AD656EFE} = {C6C3BBE4-3BC8-4922-9231-FDC4922D1901}
		{D672F173-84DC-4094-AD19-66DF17C29C27} = {68349657-FB86-4AE4-94E6-6B9D60F54332}
		{11F326EB-61FD-402D-8DBA-7AF82FB65E1C} = {89CCFBAE-9275-4206-AA37-83D5947F66FF}
		{0996B4FB-01C8-40FA-9B9E-1D6D029748AF} = {702978BD-FC8F-454E-A02D-4841EACE5DAF}
		{6EBB0EA9-666B-4777-86EF-E935323548F7} = {8A78DCC8-8D2A-415F-8767-52421FEF7055}
	EndGlobalSection
	GlobalSection(ExtensibilityGlobals) = postSolution
		SolutionGuid = {0106DBF1-D6D6-4A9A-A274-2EBEF0CCACE6}
	EndGlobalSection
EndGlobal
